<?xml version="1.0" encoding="UTF-8"?>
<Scheme
<<<<<<< Updated upstream
   LastUpgradeVersion = "0620"
=======
   LastUpgradeVersion = "0640"
>>>>>>> Stashed changes
   version = "1.3">
   <BuildAction
      parallelizeBuildables = "YES"
      buildImplicitDependencies = "YES">
      <BuildActionEntries>
         <BuildActionEntry
            buildForTesting = "YES"
            buildForRunning = "YES"
            buildForProfiling = "YES"
            buildForArchiving = "YES"
            buildForAnalyzing = "YES">
            <BuildableReference
               BuildableIdentifier = "primary"
               BlueprintIdentifier = "182AB79E1B7144650002038F"
               BuildableName = "COMSOLTxt2Bin"
               BlueprintName = "COMSOLTxt2Bin"
               ReferencedContainer = "container:COMSOLTxt2Bin.xcodeproj">
            </BuildableReference>
         </BuildActionEntry>
      </BuildActionEntries>
   </BuildAction>
   <TestAction
      selectedDebuggerIdentifier = "Xcode.DebuggerFoundation.Debugger.LLDB"
      selectedLauncherIdentifier = "Xcode.DebuggerFoundation.Launcher.LLDB"
      shouldUseLaunchSchemeArgsEnv = "YES"
      buildConfiguration = "Debug">
      <Testables>
      </Testables>
      <MacroExpansion>
         <BuildableReference
            BuildableIdentifier = "primary"
            BlueprintIdentifier = "182AB79E1B7144650002038F"
            BuildableName = "COMSOLTxt2Bin"
            BlueprintName = "COMSOLTxt2Bin"
            ReferencedContainer = "container:COMSOLTxt2Bin.xcodeproj">
         </BuildableReference>
      </MacroExpansion>
   </TestAction>
   <LaunchAction
      selectedDebuggerIdentifier = "Xcode.DebuggerFoundation.Debugger.LLDB"
      selectedLauncherIdentifier = "Xcode.DebuggerFoundation.Launcher.LLDB"
      launchStyle = "0"
<<<<<<< Updated upstream
      useCustomWorkingDirectory = "YES"
      customWorkingDirectory = "/Volumes/aCORN/Research/aCORN/Mirror2015Comsol/NG6M13Slices"
=======
      useCustomWorkingDirectory = "NO"
>>>>>>> Stashed changes
      buildConfiguration = "Debug"
      ignoresPersistentStateOnLaunch = "NO"
      debugDocumentVersioning = "YES"
      allowLocationSimulation = "YES">
      <BuildableProductRunnable
         runnableDebuggingMode = "0">
         <BuildableReference
            BuildableIdentifier = "primary"
            BlueprintIdentifier = "182AB79E1B7144650002038F"
            BuildableName = "COMSOLTxt2Bin"
            BlueprintName = "COMSOLTxt2Bin"
            ReferencedContainer = "container:COMSOLTxt2Bin.xcodeproj">
         </BuildableReference>
      </BuildableProductRunnable>
<<<<<<< Updated upstream
      <CommandLineArguments>
         <CommandLineArgument
            argument = "NG6M13z27-29.txt"
            isEnabled = "NO">
         </CommandLineArgument>
         <CommandLineArgument
            argument = "NG6M13z29-35.txt"
            isEnabled = "NO">
         </CommandLineArgument>
         <CommandLineArgument
            argument = "NG6M13z17-27.txt"
            isEnabled = "NO">
         </CommandLineArgument>
         <CommandLineArgument
            argument = "NG6M13_2DxMed.txt"
            isEnabled = "YES">
         </CommandLineArgument>
      </CommandLineArguments>
=======
>>>>>>> Stashed changes
      <AdditionalOptions>
      </AdditionalOptions>
   </LaunchAction>
   <ProfileAction
      shouldUseLaunchSchemeArgsEnv = "YES"
      savedToolIdentifier = ""
      useCustomWorkingDirectory = "NO"
      buildConfiguration = "Release"
      debugDocumentVersioning = "YES">
      <BuildableProductRunnable
         runnableDebuggingMode = "0">
         <BuildableReference
            BuildableIdentifier = "primary"
            BlueprintIdentifier = "182AB79E1B7144650002038F"
            BuildableName = "COMSOLTxt2Bin"
            BlueprintName = "COMSOLTxt2Bin"
            ReferencedContainer = "container:COMSOLTxt2Bin.xcodeproj">
         </BuildableReference>
      </BuildableProductRunnable>
   </ProfileAction>
   <AnalyzeAction
      buildConfiguration = "Debug">
   </AnalyzeAction>
   <ArchiveAction
      buildConfiguration = "Release"
      revealArchiveInOrganizer = "YES">
   </ArchiveAction>
</Scheme>
